
Microsoft Visual Studio Solution File, Format Version 12.00
# Visual Studio Version 16
VisualStudioVersion = 16.0.29613.14
MinimumVisualStudioVersion = 10.0.40219.1
Project("{FAE04EC0-301F-11D3-BF4B-00C04F79EFBC}") = "SingleSignOn", "SingleSignOn\SingleSignOn.csproj", "{0639195E-703C-4D85-ABDA-1C9D40040946}"
EndProject
Project("{FAE04EC0-301F-11D3-BF4B-00C04F79EFBC}") = "SingleSignOn.Mvc", "SingleSignOn.Mvc\SingleSignOn.Mvc.csproj", "{D62312E6-2AF4-485B-A2AA-9BDC0196ED72}"
EndProject
Project("{FAE04EC0-301F-11D3-BF4B-00C04F79EFBC}") = "SingleSignOn.Blazor", "SingleSignOn.Blazor\SingleSignOn.Blazor.csproj", "{03A2397B-C55E-4F6F-8FEE-1802D6586AD0}"
EndProject
Global
	GlobalSection(SolutionConfigurationPlatforms) = preSolution
		Debug|Any CPU = Debug|Any CPU
		Release|Any CPU = Release|Any CPU
	EndGlobalSection
	GlobalSection(ProjectConfigurationPlatforms) = postSolution
		{0639195E-703C-4D85-ABDA-1C9D40040946}.Debug|Any CPU.ActiveCfg = Debug|Any CPU
		{0639195E-703C-4D85-ABDA-1C9D40040946}.Debug|Any CPU.Build.0 = Debug|Any CPU
		{0639195E-703C-4D85-ABDA-1C9D40040946}.Release|Any CPU.ActiveCfg = Release|Any CPU
		{0639195E-703C-4D85-ABDA-1C9D40040946}.Release|Any CPU.Build.0 = Release|Any CPU
		{D62312E6-2AF4-485B-A2AA-9BDC0196ED72}.Debug|Any CPU.ActiveCfg = Debug|Any CPU
		{D62312E6-2AF4-485B-A2AA-9BDC0196ED72}.Debug|Any CPU.Build.0 = Debug|Any CPU
		{D62312E6-2AF4-485B-A2AA-9BDC0196ED72}.Release|Any CPU.ActiveCfg = Release|Any CPU
		{D62312E6-2AF4-485B-A2AA-9BDC0196ED72}.Release|Any CPU.Build.0 = Release|Any CPU
		{03A2397B-C55E-4F6F-8FEE-1802D6586AD0}.Debug|Any CPU.ActiveCfg = Debug|Any CPU
		{03A2397B-C55E-4F6F-8FEE-1802D6586AD0}.Debug|Any CPU.Build.0 = Debug|Any CPU
		{03A2397B-C55E-4F6F-8FEE-1802D6586AD0}.Release|Any CPU.ActiveCfg = Release|Any CPU
		{03A2397B-C55E-4F6F-8FEE-1802D6586AD0}.Release|Any CPU.Build.0 = Release|Any CPU
	EndGlobalSection
	GlobalSection(SolutionProperties) = preSolution
		HideSolutionNode = FALSE
	EndGlobalSection
	GlobalSection(ExtensibilityGlobals) = postSolution
		SolutionGuid = {5F9F28E7-0D5B-452D-88AA-3B7AE6E9F9B0}
	EndGlobalSection
EndGlobal
